Microsoft Visual Studio Solution File, Format Version 12.00
# Visual Studio Version 17
VisualStudioVersion = 17.0.31903.59
MinimumVisualStudioVersion = 10.0.40219.1
Project("{FAE04EC0-301F-11D3-BF4B-00C04F79EFBC}") = "BrokenReferenceFixture.App", "BrokenReferenceFixture.App\BrokenReferenceFixture.App.csproj", "{0D06E9A2-51B1-4C2F-8E10-1D2A5C4B7A01}"
EndProject
Project("{FAE04EC0-301F-11D3-BF4B-00C04F79EFBC}") = "BrokenReferenceFixture.Ghost", "BrokenReferenceFixture.Ghost\BrokenReferenceFixture.Ghost.csproj", "{0D06E9A2-51B1-4C2F-8E10-1D2A5C4B7A02}"
EndProject
Global
    GlobalSection(SolutionConfigurationPlatforms) = preSolution
        Debug|Any CPU = Debug|Any CPU
        Release|Any CPU = Release|Any CPU
    EndGlobalSection
EndGlobal
