
Microsoft Visual Studio Solution File, Format Version 12.00
Project("{2150E333-8FDC-42A3-9474-1A3956D46DE8}") = "src", "src", "{827E0CD3-B72D-47B6-A68D-7590B98EB39B}"
EndProject
Project("{FAE04EC0-301F-11D3-BF4B-00C04F79EFBC}") = "SimplicityTools.Metrics", "src\SimplicityTools.Metrics\SimplicityTools.Metrics.csproj", "{6226068A-AC31-4A9A-A432-20F916EF97D4}"
EndProject
Project("{FAE04EC0-301F-11D3-BF4B-00C04F79EFBC}") = "SimplicityTools.Analyzers", "src\SimplicityTools.Analyzers\SimplicityTools.Analyzers.csproj", "{1A7B945D-6931-4E96-AA90-995FBC24637A}"
EndProject
Project("{FAE04EC0-301F-11D3-BF4B-00C04F79EFBC}") = "SimplicityTools.Filters", "src\SimplicityTools.Filters\SimplicityTools.Filters.csproj", "{5BA37D23-B5C8-4A5A-8204-53BE4933D26C}"
EndProject
Project("{FAE04EC0-301F-11D3-BF4B-00C04F79EFBC}") = "SimplicityTools.Tca", "src\SimplicityTools.Tca\SimplicityTools.Tca.csproj", "{F1C6929C-BE2D-461D-A419-97E2BBA985B9}"
EndProject
Project("{FAE04EC0-301F-11D3-BF4B-00C04F79EFBC}") = "SimplicityTools.Cli", "src\SimplicityTools.Cli\SimplicityTools.Cli.csproj", "{811E6DA4-87FC-4E17-9519-0C69EB1E0FEF}"
EndProject
Project("{2150E333-8FDC-42A3-9474-1A3956D46DE8}") = "tests", "tests", "{0AB3BF05-4346-4AA6-1389-037BE0695223}"
EndProject
Project("{FAE04EC0-301F-11D3-BF4B-00C04F79EFBC}") = "SimplicityTools.Metrics.Tests", "tests\SimplicityTools.Metrics.Tests\SimplicityTools.Metrics.Tests.csproj", "{A1302F6D-2B48-4EFD-AA1F-38CE47B19691}"
EndProject
Project("{FAE04EC0-301F-11D3-BF4B-00C04F79EFBC}") = "SimplicityTools.Analyzers.Tests", "tests\SimplicityTools.Analyzers.Tests\SimplicityTools.Analyzers.Tests.csproj", "{373010C2-7913-46AE-A930-8F9C82FD87A4}"
EndProject
Project("{FAE04EC0-301F-11D3-BF4B-00C04F79EFBC}") = "SimplicityTools.Filters.Tests", "tests\SimplicityTools.Filters.Tests\SimplicityTools.Filters.Tests.csproj", "{18703EB3-B136-4B4A-BB9D-2DE6C21D38C0}"
EndProject
Project("{FAE04EC0-301F-11D3-BF4B-00C04F79EFBC}") = "SimplicityTools.Tca.Tests", "tests\SimplicityTools.Tca.Tests\SimplicityTools.Tca.Tests.csproj", "{7C4B6EAF-782D-47EF-A194-FDAC171580A7}"
EndProject
Project("{2150E333-8FDC-42A3-9474-1A3956D46DE8}") = "samples", "samples", "{5D20AA90-6969-D8BD-9DCD-8634F4692FDA}"
EndProject
Project("{FAE04EC0-301F-11D3-BF4B-00C04F79EFBC}") = "Sample.Simplified.App", "samples\Sample.Simplified\Sample.Simplified.App\Sample.Simplified.App.csproj", "{D9B8381D-D98C-42E4-9132-3E40A1BB2024}"
EndProject
Project("{FAE04EC0-301F-11D3-BF4B-00C04F79EFBC}") = "Sample.Simplified.Tests", "samples\Sample.Simplified\Sample.Simplified.Tests\Sample.Simplified.Tests.csproj", "{41896BCE-C0F0-4C0C-BC4E-4C31EECB1197}"
EndProject
Project("{FAE04EC0-301F-11D3-BF4B-00C04F79EFBC}") = "Sample.OverEngineered", "samples\Sample.OverEngineered\Sample.OverEngineered.csproj", "{12513482-78AF-4CA4-8243-653F5AF6CF26}"
EndProject
Project("{2150E333-8FDC-42A3-9474-1A3956D46DE8}") = "Sample.OverEngineered.All", "Sample.OverEngineered.All", "{CF4981CD-5659-FDE9-6D2A-2A0F8FD15295}"
EndProject
Project("{FAE04EC0-301F-11D3-BF4B-00C04F79EFBC}") = "Sample.OverEngineered.Application", "samples\Sample.OverEngineered\Sample.OverEngineered.Application\Sample.OverEngineered.Application.csproj", "{24D7219E-5669-4752-8429-5EA44E0B3F8A}"
EndProject
Project("{FAE04EC0-301F-11D3-BF4B-00C04F79EFBC}") = "Sample.OverEngineered.Authorization", "samples\Sample.OverEngineered\Sample.OverEngineered.Authorization\Sample.OverEngineered.Authorization.csproj", "{F8CB4548-0D21-4A78-AC05-CC354AD57FCF}"
EndProject
Project("{FAE04EC0-301F-11D3-BF4B-00C04F79EFBC}") = "Sample.OverEngineered.Cache", "samples\Sample.OverEngineered\Sample.OverEngineered.Cache\Sample.OverEngineered.Cache.csproj", "{D5D810B1-7F7E-4E54-B396-B8702516E1DA}"
EndProject
Project("{FAE04EC0-301F-11D3-BF4B-00C04F79EFBC}") = "Sample.OverEngineered.Messaging", "samples\Sample.OverEngineered\Sample.OverEngineered.Messaging\Sample.OverEngineered.Messaging.csproj", "{D80931CE-DD09-4CD3-86E7-FEA7865E0759}"
EndProject
Project("{FAE04EC0-301F-11D3-BF4B-00C04F79EFBC}") = "Sample.OverEngineered.Persistence", "samples\Sample.OverEngineered\Sample.OverEngineered.Persistence\Sample.OverEngineered.Persistence.csproj", "{930EFF4C-87CF-4183-85DD-53CFE430FD41}"
EndProject
Project("{FAE04EC0-301F-11D3-BF4B-00C04F79EFBC}") = "Sample.OverEngineered.ReadModel", "samples\Sample.OverEngineered\Sample.OverEngineered.ReadModel\Sample.OverEngineered.ReadModel.csproj", "{33F39F5B-64A1-478E-B684-624EDA9854E4}"
EndProject
Project("{FAE04EC0-301F-11D3-BF4B-00C04F79EFBC}") = "Sample.OverEngineered.Telemetry", "samples\Sample.OverEngineered\Sample.OverEngineered.Telemetry\Sample.OverEngineered.Telemetry.csproj", "{8BA9AF0F-627D-402D-A12C-75FB9BD6C20A}"
EndProject
Project("{FAE04EC0-301F-11D3-BF4B-00C04F79EFBC}") = "Sample.OverEngineered.Validation", "samples\Sample.OverEngineered\Sample.OverEngineered.Validation\Sample.OverEngineered.Validation.csproj", "{31827E3C-0823-42AB-A6DC-3A6299335EF0}"
EndProject
Project("{FAE04EC0-301F-11D3-BF4B-00C04F79EFBC}") = "Sample.OverEngineered.WriteModel", "samples\Sample.OverEngineered\Sample.OverEngineered.WriteModel\Sample.OverEngineered.WriteModel.csproj", "{C4C7117E-B170-4206-B4D8-FA5D4B8F4097}"
EndProject
Project("{FAE04EC0-301F-11D3-BF4B-00C04F79EFBC}") = "Sample.OverEngineered.Domain", "samples\Sample.OverEngineered\Sample.OverEngineered.Domain\Sample.OverEngineered.Domain.csproj", "{1DD6ED51-D9A7-4A45-8681-C898072752D7}"
EndProject
Project("{FAE04EC0-301F-11D3-BF4B-00C04F79EFBC}") = "Sample.OverEngineered.Infrastructure", "samples\Sample.OverEngineered\Sample.OverEngineered.Infrastructure\Sample.OverEngineered.Infrastructure.csproj", "{BB6E2FA2-1EA6-49AC-9F29-38CA24E16312}"
EndProject
Project("{FAE04EC0-301F-11D3-BF4B-00C04F79EFBC}") = "SimplicityTools.Cli.Tests", "tests\SimplicityTools.Cli.Tests\SimplicityTools.Cli.Tests.csproj", "{BB57067E-DA4A-40C3-92CF-9325AD2829F1}"
EndProject
Project("{2150E333-8FDC-42A3-9474-1A3956D46DE8}") = "Sample.Simplified.All", "Sample.Simplified.All", "{F5401E2B-82BB-494F-903A-D088B4382F96}"
EndProject
Project("{FAE04EC0-301F-11D3-BF4B-00C04F79EFBC}") = "SimplicityTools.Analyzers.CodeFixes", "src\SimplicityTools.Analyzers.CodeFixes\SimplicityTools.Analyzers.CodeFixes.csproj", "{752A8121-B542-4A46-AA36-B3D436C01AEE}"
EndProject
Global
	GlobalSection(SolutionConfigurationPlatforms) = preSolution
		Debug|Any CPU = Debug|Any CPU
		Debug|x64 = Debug|x64
		Debug|x86 = Debug|x86
		Release|Any CPU = Release|Any CPU
		Release|x64 = Release|x64
		Release|x86 = Release|x86
	EndGlobalSection
	GlobalSection(ProjectConfigurationPlatforms) = postSolution
		{6226068A-AC31-4A9A-A432-20F916EF97D4}.Debug|Any CPU.ActiveCfg = Debug|Any CPU
		{6226068A-AC31-4A9A-A432-20F916EF97D4}.Debug|Any CPU.Build.0 = Debug|Any CPU
		{6226068A-AC31-4A9A-A432-20F916EF97D4}.Debug|x64.ActiveCfg = Debug|Any CPU
		{6226068A-AC31-4A9A-A432-20F916EF97D4}.Debug|x64.Build.0 = Debug|Any CPU
		{6226068A-AC31-4A9A-A432-20F916EF97D4}.Debug|x86.ActiveCfg = Debug|Any CPU
		{6226068A-AC31-4A9A-A432-20F916EF97D4}.Debug|x86.Build.0 = Debug|Any CPU
		{6226068A-AC31-4A9A-A432-20F916EF97D4}.Release|Any CPU.ActiveCfg = Release|Any CPU
		{6226068A-AC31-4A9A-A432-20F916EF97D4}.Release|Any CPU.Build.0 = Release|Any CPU
		{6226068A-AC31-4A9A-A432-20F916EF97D4}.Release|x64.ActiveCfg = Release|Any CPU
		{6226068A-AC31-4A9A-A432-20F916EF97D4}.Release|x64.Build.0 = Release|Any CPU
		{6226068A-AC31-4A9A-A432-20F916EF97D4}.Release|x86.ActiveCfg = Release|Any CPU
		{6226068A-AC31-4A9A-A432-20F916EF97D4}.Release|x86.Build.0 = Release|Any CPU
		{1A7B945D-6931-4E96-AA90-995FBC24637A}.Debug|Any CPU.ActiveCfg = Debug|Any CPU
		{1A7B945D-6931-4E96-AA90-995FBC24637A}.Debug|Any CPU.Build.0 = Debug|Any CPU
		{1A7B945D-6931-4E96-AA90-995FBC24637A}.Debug|x64.ActiveCfg = Debug|Any CPU
		{1A7B945D-6931-4E96-AA90-995FBC24637A}.Debug|x64.Build.0 = Debug|Any CPU
		{1A7B945D-6931-4E96-AA90-995FBC24637A}.Debug|x86.ActiveCfg = Debug|Any CPU
		{1A7B945D-6931-4E96-AA90-995FBC24637A}.Debug|x86.Build.0 = Debug|Any CPU
		{1A7B945D-6931-4E96-AA90-995FBC24637A}.Release|Any CPU.ActiveCfg = Release|Any CPU
		{1A7B945D-6931-4E96-AA90-995FBC24637A}.Release|Any CPU.Build.0 = Release|Any CPU
		{1A7B945D-6931-4E96-AA90-995FBC24637A}.Release|x64.ActiveCfg = Release|Any CPU
		{1A7B945D-6931-4E96-AA90-995FBC24637A}.Release|x64.Build.0 = Release|Any CPU
		{1A7B945D-6931-4E96-AA90-995FBC24637A}.Release|x86.ActiveCfg = Release|Any CPU
		{1A7B945D-6931-4E96-AA90-995FBC24637A}.Release|x86.Build.0 = Release|Any CPU
		{5BA37D23-B5C8-4A5A-8204-53BE4933D26C}.Debug|Any CPU.ActiveCfg = Debug|Any CPU
		{5BA37D23-B5C8-4A5A-8204-53BE4933D26C}.Debug|Any CPU.Build.0 = Debug|Any CPU
		{5BA37D23-B5C8-4A5A-8204-53BE4933D26C}.Debug|x64.ActiveCfg = Debug|Any CPU
		{5BA37D23-B5C8-4A5A-8204-53BE4933D26C}.Debug|x64.Build.0 = Debug|Any CPU
		{5BA37D23-B5C8-4A5A-8204-53BE4933D26C}.Debug|x86.ActiveCfg = Debug|Any CPU
		{5BA37D23-B5C8-4A5A-8204-53BE4933D26C}.Debug|x86.Build.0 = Debug|Any CPU
		{5BA37D23-B5C8-4A5A-8204-53BE4933D26C}.Release|Any CPU.ActiveCfg = Release|Any CPU
		{5BA37D23-B5C8-4A5A-8204-53BE4933D26C}.Release|Any CPU.Build.0 = Release|Any CPU
		{5BA37D23-B5C8-4A5A-8204-53BE4933D26C}.Release|x64.ActiveCfg = Release|Any CPU
		{5BA37D23-B5C8-4A5A-8204-53BE4933D26C}.Release|x64.Build.0 = Release|Any CPU
		{5BA37D23-B5C8-4A5A-8204-53BE4933D26C}.Release|x86.ActiveCfg = Release|Any CPU
		{5BA37D23-B5C8-4A5A-8204-53BE4933D26C}.Release|x86.Build.0 = Release|Any CPU
		{F1C6929C-BE2D-461D-A419-97E2BBA985B9}.Debug|Any CPU.ActiveCfg = Debug|Any CPU
		{F1C6929C-BE2D-461D-A419-97E2BBA985B9}.Debug|Any CPU.Build.0 = Debug|Any CPU
		{F1C6929C-BE2D-461D-A419-97E2BBA985B9}.Debug|x64.ActiveCfg = Debug|Any CPU
		{F1C6929C-BE2D-461D-A419-97E2BBA985B9}.Debug|x64.Build.0 = Debug|Any CPU
		{F1C6929C-BE2D-461D-A419-97E2BBA985B9}.Debug|x86.ActiveCfg = Debug|Any CPU
		{F1C6929C-BE2D-461D-A419-97E2BBA985B9}.Debug|x86.Build.0 = Debug|Any CPU
		{F1C6929C-BE2D-461D-A419-97E2BBA985B9}.Release|Any CPU.ActiveCfg = Release|Any CPU
		{F1C6929C-BE2D-461D-A419-97E2BBA985B9}.Release|Any CPU.Build.0 = Release|Any CPU
		{F1C6929C-BE2D-461D-A419-97E2BBA985B9}.Release|x64.ActiveCfg = Release|Any CPU
		{F1C6929C-BE2D-461D-A419-97E2BBA985B9}.Release|x64.Build.0 = Release|Any CPU
		{F1C6929C-BE2D-461D-A419-97E2BBA985B9}.Release|x86.ActiveCfg = Release|Any CPU
		{F1C6929C-BE2D-461D-A419-97E2BBA985B9}.Release|x86.Build.0 = Release|Any CPU
		{811E6DA4-87FC-4E17-9519-0C69EB1E0FEF}.Debug|Any CPU.ActiveCfg = Debug|Any CPU
		{811E6DA4-87FC-4E17-9519-0C69EB1E0FEF}.Debug|Any CPU.Build.0 = Debug|Any CPU
		{811E6DA4-87FC-4E17-9519-0C69EB1E0FEF}.Debug|x64.ActiveCfg = Debug|Any CPU
		{811E6DA4-87FC-4E17-9519-0C69EB1E0FEF}.Debug|x64.Build.0 = Debug|Any CPU
		{811E6DA4-87FC-4E17-9519-0C69EB1E0FEF}.Debug|x86.ActiveCfg = Debug|Any CPU
		{811E6DA4-87FC-4E17-9519-0C69EB1E0FEF}.Debug|x86.Build.0 = Debug|Any CPU
		{811E6DA4-87FC-4E17-9519-0C69EB1E0FEF}.Release|Any CPU.ActiveCfg = Release|Any CPU
		{811E6DA4-87FC-4E17-9519-0C69EB1E0FEF}.Release|Any CPU.Build.0 = Release|Any CPU
		{811E6DA4-87FC-4E17-9519-0C69EB1E0FEF}.Release|x64.ActiveCfg = Release|Any CPU
		{811E6DA4-87FC-4E17-9519-0C69EB1E0FEF}.Release|x64.Build.0 = Release|Any CPU
		{811E6DA4-87FC-4E17-9519-0C69EB1E0FEF}.Release|x86.ActiveCfg = Release|Any CPU
		{811E6DA4-87FC-4E17-9519-0C69EB1E0FEF}.Release|x86.Build.0 = Release|Any CPU
		{A1302F6D-2B48-4EFD-AA1F-38CE47B19691}.Debug|Any CPU.ActiveCfg = Debug|Any CPU
		{A1302F6D-2B48-4EFD-AA1F-38CE47B19691}.Debug|Any CPU.Build.0 = Debug|Any CPU
		{A1302F6D-2B48-4EFD-AA1F-38CE47B19691}.Debug|x64.ActiveCfg = Debug|Any CPU
		{A1302F6D-2B48-4EFD-AA1F-38CE47B19691}.Debug|x64.Build.0 = Debug|Any CPU
		{A1302F6D-2B48-4EFD-AA1F-38CE47B19691}.Debug|x86.ActiveCfg = Debug|Any CPU
		{A1302F6D-2B48-4EFD-AA1F-38CE47B19691}.Debug|x86.Build.0 = Debug|Any CPU
		{A1302F6D-2B48-4EFD-AA1F-38CE47B19691}.Release|Any CPU.ActiveCfg = Release|Any CPU
		{A1302F6D-2B48-4EFD-AA1F-38CE47B19691}.Release|Any CPU.Build.0 = Release|Any CPU
		{A1302F6D-2B48-4EFD-AA1F-38CE47B19691}.Release|x64.ActiveCfg = Release|Any CPU
		{A1302F6D-2B48-4EFD-AA1F-38CE47B19691}.Release|x64.Build.0 = Release|Any CPU
		{A1302F6D-2B48-4EFD-AA1F-38CE47B19691}.Release|x86.ActiveCfg = Release|Any CPU
		{A1302F6D-2B48-4EFD-AA1F-38CE47B19691}.Release|x86.Build.0 = Release|Any CPU
		{373010C2-7913-46AE-A930-8F9C82FD87A4}.Debug|Any CPU.ActiveCfg = Debug|Any CPU
		{373010C2-7913-46AE-A930-8F9C82FD87A4}.Debug|Any CPU.Build.0 = Debug|Any CPU
		{373010C2-7913-46AE-A930-8F9C82FD87A4}.Debug|x64.ActiveCfg = Debug|Any CPU
		{373010C2-7913-46AE-A930-8F9C82FD87A4}.Debug|x64.Build.0 = Debug|Any CPU
		{373010C2-7913-46AE-A930-8F9C82FD87A4}.Debug|x86.ActiveCfg = Debug|Any CPU
		{373010C2-7913-46AE-A930-8F9C82FD87A4}.Debug|x86.Build.0 = Debug|Any CPU
		{373010C2-7913-46AE-A930-8F9C82FD87A4}.Release|Any CPU.ActiveCfg = Release|Any CPU
		{373010C2-7913-46AE-A930-8F9C82FD87A4}.Release|Any CPU.Build.0 = Release|Any CPU
		{373010C2-7913-46AE-A930-8F9C82FD87A4}.Release|x64.ActiveCfg = Release|Any CPU
		{373010C2-7913-46AE-A930-8F9C82FD87A4}.Release|x64.Build.0 = Release|Any CPU
		{373010C2-7913-46AE-A930-8F9C82FD87A4}.Release|x86.ActiveCfg = Release|Any CPU
		{373010C2-7913-46AE-A930-8F9C82FD87A4}.Release|x86.Build.0 = Release|Any CPU
		{18703EB3-B136-4B4A-BB9D-2DE6C21D38C0}.Debug|Any CPU.ActiveCfg = Debug|Any CPU
		{18703EB3-B136-4B4A-BB9D-2DE6C21D38C0}.Debug|Any CPU.Build.0 = Debug|Any CPU
		{18703EB3-B136-4B4A-BB9D-2DE6C21D38C0}.Debug|x64.ActiveCfg = Debug|Any CPU
		{18703EB3-B136-4B4A-BB9D-2DE6C21D38C0}.Debug|x64.Build.0 = Debug|Any CPU
		{18703EB3-B136-4B4A-BB9D-2DE6C21D38C0}.Debug|x86.ActiveCfg = Debug|Any CPU
		{18703EB3-B136-4B4A-BB9D-2DE6C21D38C0}.Debug|x86.Build.0 = Debug|Any CPU
		{18703EB3-B136-4B4A-BB9D-2DE6C21D38C0}.Release|Any CPU.ActiveCfg = Release|Any CPU
		{18703EB3-B136-4B4A-BB9D-2DE6C21D38C0}.Release|Any CPU.Build.0 = Release|Any CPU
		{18703EB3-B136-4B4A-BB9D-2DE6C21D38C0}.Release|x64.ActiveCfg = Release|Any CPU
		{18703EB3-B136-4B4A-BB9D-2DE6C21D38C0}.Release|x64.Build.0 = Release|Any CPU
		{18703EB3-B136-4B4A-BB9D-2DE6C21D38C0}.Release|x86.ActiveCfg = Release|Any CPU
		{18703EB3-B136-4B4A-BB9D-2DE6C21D38C0}.Release|x86.Build.0 = Release|Any CPU
		{7C4B6EAF-782D-47EF-A194-FDAC171580A7}.Debug|Any CPU.ActiveCfg = Debug|Any CPU
		{7C4B6EAF-782D-47EF-A194-FDAC171580A7}.Debug|Any CPU.Build.0 = Debug|Any CPU
		{7C4B6EAF-782D-47EF-A194-FDAC171580A7}.Debug|x64.ActiveCfg = Debug|Any CPU
		{7C4B6EAF-782D-47EF-A194-FDAC171580A7}.Debug|x64.Build.0 = Debug|Any CPU
		{7C4B6EAF-782D-47EF-A194-FDAC171580A7}.Debug|x86.ActiveCfg = Debug|Any CPU
		{7C4B6EAF-782D-47EF-A194-FDAC171580A7}.Debug|x86.Build.0 = Debug|Any CPU
		{7C4B6EAF-782D-47EF-A194-FDAC171580A7}.Release|Any CPU.ActiveCfg = Release|Any CPU
		{7C4B6EAF-782D-47EF-A194-FDAC171580A7}.Release|Any CPU.Build.0 = Release|Any CPU
		{7C4B6EAF-782D-47EF-A194-FDAC171580A7}.Release|x64.ActiveCfg = Release|Any CPU
		{7C4B6EAF-782D-47EF-A194-FDAC171580A7}.Release|x64.Build.0 = Release|Any CPU
		{7C4B6EAF-782D-47EF-A194-FDAC171580A7}.Release|x86.ActiveCfg = Release|Any CPU
		{7C4B6EAF-782D-47EF-A194-FDAC171580A7}.Release|x86.Build.0 = Release|Any CPU
		{D9B8381D-D98C-42E4-9132-3E40A1BB2024}.Debug|Any CPU.ActiveCfg = Debug|Any CPU
		{D9B8381D-D98C-42E4-9132-3E40A1BB2024}.Debug|Any CPU.Build.0 = Debug|Any CPU
		{D9B8381D-D98C-42E4-9132-3E40A1BB2024}.Debug|x64.ActiveCfg = Debug|Any CPU
		{D9B8381D-D98C-42E4-9132-3E40A1BB2024}.Debug|x64.Build.0 = Debug|Any CPU
		{D9B8381D-D98C-42E4-9132-3E40A1BB2024}.Debug|x86.ActiveCfg = Debug|Any CPU
		{D9B8381D-D98C-42E4-9132-3E40A1BB2024}.Debug|x86.Build.0 = Debug|Any CPU
		{D9B8381D-D98C-42E4-9132-3E40A1BB2024}.Release|Any CPU.ActiveCfg = Release|Any CPU
		{D9B8381D-D98C-42E4-9132-3E40A1BB2024}.Release|Any CPU.Build.0 = Release|Any CPU
		{D9B8381D-D98C-42E4-9132-3E40A1BB2024}.Release|x64.ActiveCfg = Release|Any CPU
		{D9B8381D-D98C-42E4-9132-3E40A1BB2024}.Release|x64.Build.0 = Release|Any CPU
		{D9B8381D-D98C-42E4-9132-3E40A1BB2024}.Release|x86.ActiveCfg = Release|Any CPU
		{D9B8381D-D98C-42E4-9132-3E40A1BB2024}.Release|x86.Build.0 = Release|Any CPU
		{41896BCE-C0F0-4C0C-BC4E-4C31EECB1197}.Debug|Any CPU.ActiveCfg = Debug|Any CPU
		{41896BCE-C0F0-4C0C-BC4E-4C31EECB1197}.Debug|Any CPU.Build.0 = Debug|Any CPU
		{41896BCE-C0F0-4C0C-BC4E-4C31EECB1197}.Debug|x64.ActiveCfg = Debug|Any CPU
		{41896BCE-C0F0-4C0C-BC4E-4C31EECB1197}.Debug|x64.Build.0 = Debug|Any CPU
		{41896BCE-C0F0-4C0C-BC4E-4C31EECB1197}.Debug|x86.ActiveCfg = Debug|Any CPU
		{41896BCE-C0F0-4C0C-BC4E-4C31EECB1197}.Debug|x86.Build.0 = Debug|Any CPU
		{41896BCE-C0F0-4C0C-BC4E-4C31EECB1197}.Release|Any CPU.ActiveCfg = Release|Any CPU
		{41896BCE-C0F0-4C0C-BC4E-4C31EECB1197}.Release|Any CPU.Build.0 = Release|Any CPU
		{41896BCE-C0F0-4C0C-BC4E-4C31EECB1197}.Release|x64.ActiveCfg = Release|Any CPU
		{41896BCE-C0F0-4C0C-BC4E-4C31EECB1197}.Release|x64.Build.0 = Release|Any CPU
		{41896BCE-C0F0-4C0C-BC4E-4C31EECB1197}.Release|x86.ActiveCfg = Release|Any CPU
		{41896BCE-C0F0-4C0C-BC4E-4C31EECB1197}.Release|x86.Build.0 = Release|Any CPU
		{12513482-78AF-4CA4-8243-653F5AF6CF26}.Debug|Any CPU.ActiveCfg = Debug|Any CPU
		{12513482-78AF-4CA4-8243-653F5AF6CF26}.Debug|Any CPU.Build.0 = Debug|Any CPU
		{12513482-78AF-4CA4-8243-653F5AF6CF26}.Debug|x64.ActiveCfg = Debug|Any CPU
		{12513482-78AF-4CA4-8243-653F5AF6CF26}.Debug|x64.Build.0 = Debug|Any CPU
		{12513482-78AF-4CA4-8243-653F5AF6CF26}.Debug|x86.ActiveCfg = Debug|Any CPU
		{12513482-78AF-4CA4-8243-653F5AF6CF26}.Debug|x86.Build.0 = Debug|Any CPU
		{12513482-78AF-4CA4-8243-653F5AF6CF26}.Release|Any CPU.ActiveCfg = Release|Any CPU
		{12513482-78AF-4CA4-8243-653F5AF6CF26}.Release|Any CPU.Build.0 = Release|Any CPU
		{12513482-78AF-4CA4-8243-653F5AF6CF26}.Release|x64.ActiveCfg = Release|Any CPU
		{12513482-78AF-4CA4-8243-653F5AF6CF26}.Release|x64.Build.0 = Release|Any CPU
		{12513482-78AF-4CA4-8243-653F5AF6CF26}.Release|x86.ActiveCfg = Release|Any CPU
		{12513482-78AF-4CA4-8243-653F5AF6CF26}.Release|x86.Build.0 = Release|Any CPU
		{24D7219E-5669-4752-8429-5EA44E0B3F8A}.Debug|Any CPU.ActiveCfg = Debug|Any CPU
		{24D7219E-5669-4752-8429-5EA44E0B3F8A}.Debug|Any CPU.Build.0 = Debug|Any CPU
		{24D7219E-5669-4752-8429-5EA44E0B3F8A}.Debug|x64.ActiveCfg = Debug|Any CPU
		{24D7219E-5669-4752-8429-5EA44E0B3F8A}.Debug|x64.Build.0 = Debug|Any CPU
		{24D7219E-5669-4752-8429-5EA44E0B3F8A}.Debug|x86.ActiveCfg = Debug|Any CPU
		{24D7219E-5669-4752-8429-5EA44E0B3F8A}.Debug|x86.Build.0 = Debug|Any CPU
		{24D7219E-5669-4752-8429-5EA44E0B3F8A}.Release|Any CPU.ActiveCfg = Release|Any CPU
		{24D7219E-5669-4752-8429-5EA44E0B3F8A}.Release|Any CPU.Build.0 = Release|Any CPU
		{24D7219E-5669-4752-8429-5EA44E0B3F8A}.Release|x64.ActiveCfg = Release|Any CPU
		{24D7219E-5669-4752-8429-5EA44E0B3F8A}.Release|x64.Build.0 = Release|Any CPU
		{24D7219E-5669-4752-8429-5EA44E0B3F8A}.Release|x86.ActiveCfg = Release|Any CPU
		{24D7219E-5669-4752-8429-5EA44E0B3F8A}.Release|x86.Build.0 = Release|Any CPU
		{F8CB4548-0D21-4A78-AC05-CC354AD57FCF}.Debug|Any CPU.ActiveCfg = Debug|Any CPU
		{F8CB4548-0D21-4A78-AC05-CC354AD57FCF}.Debug|Any CPU.Build.0 = Debug|Any CPU
		{F8CB4548-0D21-4A78-AC05-CC354AD57FCF}.Debug|x64.ActiveCfg = Debug|Any CPU
		{F8CB4548-0D21-4A78-AC05-CC354AD57FCF}.Debug|x64.Build.0 = Debug|Any CPU
		{F8CB4548-0D21-4A78-AC05-CC354AD57FCF}.Debug|x86.ActiveCfg = Debug|Any CPU
		{F8CB4548-0D21-4A78-AC05-CC354AD57FCF}.Debug|x86.Build.0 = Debug|Any CPU
		{F8CB4548-0D21-4A78-AC05-CC354AD57FCF}.Release|Any CPU.ActiveCfg = Release|Any CPU
		{F8CB4548-0D21-4A78-AC05-CC354AD57FCF}.Release|Any CPU.Build.0 = Release|Any CPU
		{F8CB4548-0D21-4A78-AC05-CC354AD57FCF}.Release|x64.ActiveCfg = Release|Any CPU
		{F8CB4548-0D21-4A78-AC05-CC354AD57FCF}.Release|x64.Build.0 = Release|Any CPU
		{F8CB4548-0D21-4A78-AC05-CC354AD57FCF}.Release|x86.ActiveCfg = Release|Any CPU
		{F8CB4548-0D21-4A78-AC05-CC354AD57FCF}.Release|x86.Build.0 = Release|Any CPU
		{D5D810B1-7F7E-4E54-B396-B8702516E1DA}.Debug|Any CPU.ActiveCfg = Debug|Any CPU
		{D5D810B1-7F7E-4E54-B396-B8702516E1DA}.Debug|Any CPU.Build.0 = Debug|Any CPU
		{D5D810B1-7F7E-4E54-B396-B8702516E1DA}.Debug|x64.ActiveCfg = Debug|Any CPU
		{D5D810B1-7F7E-4E54-B396-B8702516E1DA}.Debug|x64.Build.0 = Debug|Any CPU
		{D5D810B1-7F7E-4E54-B396-B8702516E1DA}.Debug|x86.ActiveCfg = Debug|Any CPU
		{D5D810B1-7F7E-4E54-B396-B8702516E1DA}.Debug|x86.Build.0 = Debug|Any CPU
		{D5D810B1-7F7E-4E54-B396-B8702516E1DA}.Release|Any CPU.ActiveCfg = Release|Any CPU
		{D5D810B1-7F7E-4E54-B396-B8702516E1DA}.Release|Any CPU.Build.0 = Release|Any CPU
		{D5D810B1-7F7E-4E54-B396-B8702516E1DA}.Release|x64.ActiveCfg = Release|Any CPU
		{D5D810B1-7F7E-4E54-B396-B8702516E1DA}.Release|x64.Build.0 = Release|Any CPU
		{D5D810B1-7F7E-4E54-B396-B8702516E1DA}.Release|x86.ActiveCfg = Release|Any CPU
		{D5D810B1-7F7E-4E54-B396-B8702516E1DA}.Release|x86.Build.0 = Release|Any CPU
		{D80931CE-DD09-4CD3-86E7-FEA7865E0759}.Debug|Any CPU.ActiveCfg = Debug|Any CPU
		{D80931CE-DD09-4CD3-86E7-FEA7865E0759}.Debug|Any CPU.Build.0 = Debug|Any CPU
		{D80931CE-DD09-4CD3-86E7-FEA7865E0759}.Debug|x64.ActiveCfg = Debug|Any CPU
		{D80931CE-DD09-4CD3-86E7-FEA7865E0759}.Debug|x64.Build.0 = Debug|Any CPU
		{D80931CE-DD09-4CD3-86E7-FEA7865E0759}.Debug|x86.ActiveCfg = Debug|Any CPU
		{D80931CE-DD09-4CD3-86E7-FEA7865E0759}.Debug|x86.Build.0 = Debug|Any CPU
		{D80931CE-DD09-4CD3-86E7-FEA7865E0759}.Release|Any CPU.ActiveCfg = Release|Any CPU
		{D80931CE-DD09-4CD3-86E7-FEA7865E0759}.Release|Any CPU.Build.0 = Release|Any CPU
		{D80931CE-DD09-4CD3-86E7-FEA7865E0759}.Release|x64.ActiveCfg = Release|Any CPU
		{D80931CE-DD09-4CD3-86E7-FEA7865E0759}.Release|x64.Build.0 = Release|Any CPU
		{D80931CE-DD09-4CD3-86E7-FEA7865E0759}.Release|x86.ActiveCfg = Release|Any CPU
		{D80931CE-DD09-4CD3-86E7-FEA7865E0759}.Release|x86.Build.0 = Release|Any CPU
		{930EFF4C-87CF-4183-85DD-53CFE430FD41}.Debug|Any CPU.ActiveCfg = Debug|Any CPU
		{930EFF4C-87CF-4183-85DD-53CFE430FD41}.Debug|Any CPU.Build.0 = Debug|Any CPU
		{930EFF4C-87CF-4183-85DD-53CFE430FD41}.Debug|x64.ActiveCfg = Debug|Any CPU
		{930EFF4C-87CF-4183-85DD-53CFE430FD41}.Debug|x64.Build.0 = Debug|Any CPU
		{930EFF4C-87CF-4183-85DD-53CFE430FD41}.Debug|x86.ActiveCfg = Debug|Any CPU
		{930EFF4C-87CF-4183-85DD-53CFE430FD41}.Debug|x86.Build.0 = Debug|Any CPU
		{930EFF4C-87CF-4183-85DD-53CFE430FD41}.Release|Any CPU.ActiveCfg = Release|Any CPU
		{930EFF4C-87CF-4183-85DD-53CFE430FD41}.Release|Any CPU.Build.0 = Release|Any CPU
		{930EFF4C-87CF-4183-85DD-53CFE430FD41}.Release|x64.ActiveCfg = Release|Any CPU
		{930EFF4C-87CF-4183-85DD-53CFE430FD41}.Release|x64.Build.0 = Release|Any CPU
		{930EFF4C-87CF-4183-85DD-53CFE430FD41}.Release|x86.ActiveCfg = Release|Any CPU
		{930EFF4C-87CF-4183-85DD-53CFE430FD41}.Release|x86.Build.0 = Release|Any CPU
		{33F39F5B-64A1-478E-B684-624EDA9854E4}.Debug|Any CPU.ActiveCfg = Debug|Any CPU
		{33F39F5B-64A1-478E-B684-624EDA9854E4}.Debug|Any CPU.Build.0 = Debug|Any CPU
		{33F39F5B-64A1-478E-B684-624EDA9854E4}.Debug|x64.ActiveCfg = Debug|Any CPU
		{33F39F5B-64A1-478E-B684-624EDA9854E4}.Debug|x64.Build.0 = Debug|Any CPU
		{33F39F5B-64A1-478E-B684-624EDA9854E4}.Debug|x86.ActiveCfg = Debug|Any CPU
		{33F39F5B-64A1-478E-B684-624EDA9854E4}.Debug|x86.Build.0 = Debug|Any CPU
		{33F39F5B-64A1-478E-B684-624EDA9854E4}.Release|Any CPU.ActiveCfg = Release|Any CPU
		{33F39F5B-64A1-478E-B684-624EDA9854E4}.Release|Any CPU.Build.0 = Release|Any CPU
		{33F39F5B-64A1-478E-B684-624EDA9854E4}.Release|x64.ActiveCfg = Release|Any CPU
		{33F39F5B-64A1-478E-B684-624EDA9854E4}.Release|x64.Build.0 = Release|Any CPU
		{33F39F5B-64A1-478E-B684-624EDA9854E4}.Release|x86.ActiveCfg = Release|Any CPU
		{33F39F5B-64A1-478E-B684-624EDA9854E4}.Release|x86.Build.0 = Release|Any CPU
		{8BA9AF0F-627D-402D-A12C-75FB9BD6C20A}.Debug|Any CPU.ActiveCfg = Debug|Any CPU
		{8BA9AF0F-627D-402D-A12C-75FB9BD6C20A}.Debug|Any CPU.Build.0 = Debug|Any CPU
		{8BA9AF0F-627D-402D-A12C-75FB9BD6C20A}.Debug|x64.ActiveCfg = Debug|Any CPU
		{8BA9AF0F-627D-402D-A12C-75FB9BD6C20A}.Debug|x64.Build.0 = Debug|Any CPU
		{8BA9AF0F-627D-402D-A12C-75FB9BD6C20A}.Debug|x86.ActiveCfg = Debug|Any CPU
		{8BA9AF0F-627D-402D-A12C-75FB9BD6C20A}.Debug|x86.Build.0 = Debug|Any CPU
		{8BA9AF0F-627D-402D-A12C-75FB9BD6C20A}.Release|Any CPU.ActiveCfg = Release|Any CPU
		{8BA9AF0F-627D-402D-A12C-75FB9BD6C20A}.Release|Any CPU.Build.0 = Release|Any CPU
		{8BA9AF0F-627D-402D-A12C-75FB9BD6C20A}.Release|x64.ActiveCfg = Release|Any CPU
		{8BA9AF0F-627D-402D-A12C-75FB9BD6C20A}.Release|x64.Build.0 = Release|Any CPU
		{8BA9AF0F-627D-402D-A12C-75FB9BD6C20A}.Release|x86.ActiveCfg = Release|Any CPU
		{8BA9AF0F-627D-402D-A12C-75FB9BD6C20A}.Release|x86.Build.0 = Release|Any CPU
		{31827E3C-0823-42AB-A6DC-3A6299335EF0}.Debug|Any CPU.ActiveCfg = Debug|Any CPU
		{31827E3C-0823-42AB-A6DC-3A6299335EF0}.Debug|Any CPU.Build.0 = Debug|Any CPU
		{31827E3C-0823-42AB-A6DC-3A6299335EF0}.Debug|x64.ActiveCfg = Debug|Any CPU
		{31827E3C-0823-42AB-A6DC-3A6299335EF0}.Debug|x64.Build.0 = Debug|Any CPU
		{31827E3C-0823-42AB-A6DC-3A6299335EF0}.Debug|x86.ActiveCfg = Debug|Any CPU
		{31827E3C-0823-42AB-A6DC-3A6299335EF0}.Debug|x86.Build.0 = Debug|Any CPU
		{31827E3C-0823-42AB-A6DC-3A6299335EF0}.Release|Any CPU.ActiveCfg = Release|Any CPU
		{31827E3C-0823-42AB-A6DC-3A6299335EF0}.Release|Any CPU.Build.0 = Release|Any CPU
		{31827E3C-0823-42AB-A6DC-3A6299335EF0}.Release|x64.ActiveCfg = Release|Any CPU
		{31827E3C-0823-42AB-A6DC-3A6299335EF0}.Release|x64.Build.0 = Release|Any CPU
		{31827E3C-0823-42AB-A6DC-3A6299335EF0}.Release|x86.ActiveCfg = Release|Any CPU
		{31827E3C-0823-42AB-A6DC-3A6299335EF0}.Release|x86.Build.0 = Release|Any CPU
		{C4C7117E-B170-4206-B4D8-FA5D4B8F4097}.Debug|Any CPU.ActiveCfg = Debug|Any CPU
		{C4C7117E-B170-4206-B4D8-FA5D4B8F4097}.Debug|Any CPU.Build.0 = Debug|Any CPU
		{C4C7117E-B170-4206-B4D8-FA5D4B8F4097}.Debug|x64.ActiveCfg = Debug|Any CPU
		{C4C7117E-B170-4206-B4D8-FA5D4B8F4097}.Debug|x64.Build.0 = Debug|Any CPU
		{C4C7117E-B170-4206-B4D8-FA5D4B8F4097}.Debug|x86.ActiveCfg = Debug|Any CPU
		{C4C7117E-B170-4206-B4D8-FA5D4B8F4097}.Debug|x86.Build.0 = Debug|Any CPU
		{C4C7117E-B170-4206-B4D8-FA5D4B8F4097}.Release|Any CPU.ActiveCfg = Release|Any CPU
		{C4C7117E-B170-4206-B4D8-FA5D4B8F4097}.Release|Any CPU.Build.0 = Release|Any CPU
		{C4C7117E-B170-4206-B4D8-FA5D4B8F4097}.Release|x64.ActiveCfg = Release|Any CPU
		{C4C7117E-B170-4206-B4D8-FA5D4B8F4097}.Release|x64.Build.0 = Release|Any CPU
		{C4C7117E-B170-4206-B4D8-FA5D4B8F4097}.Release|x86.ActiveCfg = Release|Any CPU
		{C4C7117E-B170-4206-B4D8-FA5D4B8F4097}.Release|x86.Build.0 = Release|Any CPU
		{1DD6ED51-D9A7-4A45-8681-C898072752D7}.Debug|Any CPU.ActiveCfg = Debug|Any CPU
		{1DD6ED51-D9A7-4A45-8681-C898072752D7}.Debug|Any CPU.Build.0 = Debug|Any CPU
		{1DD6ED51-D9A7-4A45-8681-C898072752D7}.Debug|x64.ActiveCfg = Debug|Any CPU
		{1DD6ED51-D9A7-4A45-8681-C898072752D7}.Debug|x64.Build.0 = Debug|Any CPU
		{1DD6ED51-D9A7-4A45-8681-C898072752D7}.Debug|x86.ActiveCfg = Debug|Any CPU
		{1DD6ED51-D9A7-4A45-8681-C898072752D7}.Debug|x86.Build.0 = Debug|Any CPU
		{1DD6ED51-D9A7-4A45-8681-C898072752D7}.Release|Any CPU.ActiveCfg = Release|Any CPU
		{1DD6ED51-D9A7-4A45-8681-C898072752D7}.Release|Any CPU.Build.0 = Release|Any CPU
		{1DD6ED51-D9A7-4A45-8681-C898072752D7}.Release|x64.ActiveCfg = Release|Any CPU
		{1DD6ED51-D9A7-4A45-8681-C898072752D7}.Release|x64.Build.0 = Release|Any CPU
		{1DD6ED51-D9A7-4A45-8681-C898072752D7}.Release|x86.ActiveCfg = Release|Any CPU
		{1DD6ED51-D9A7-4A45-8681-C898072752D7}.Release|x86.Build.0 = Release|Any CPU
		{BB6E2FA2-1EA6-49AC-9F29-38CA24E16312}.Debug|Any CPU.ActiveCfg = Debug|Any CPU
		{BB6E2FA2-1EA6-49AC-9F29-38CA24E16312}.Debug|Any CPU.Build.0 = Debug|Any CPU
		{BB6E2FA2-1EA6-49AC-9F29-38CA24E16312}.Debug|x64.ActiveCfg = Debug|Any CPU
		{BB6E2FA2-1EA6-49AC-9F29-38CA24E16312}.Debug|x64.Build.0 = Debug|Any CPU
		{BB6E2FA2-1EA6-49AC-9F29-38CA24E16312}.Debug|x86.ActiveCfg = Debug|Any CPU
		{BB6E2FA2-1EA6-49AC-9F29-38CA24E16312}.Debug|x86.Build.0 = Debug|Any CPU
		{BB6E2FA2-1EA6-49AC-9F29-38CA24E16312}.Release|Any CPU.ActiveCfg = Release|Any CPU
		{BB6E2FA2-1EA6-49AC-9F29-38CA24E16312}.Release|Any CPU.Build.0 = Release|Any CPU
		{BB6E2FA2-1EA6-49AC-9F29-38CA24E16312}.Release|x64.ActiveCfg = Release|Any CPU
		{BB6E2FA2-1EA6-49AC-9F29-38CA24E16312}.Release|x64.Build.0 = Release|Any CPU
		{BB6E2FA2-1EA6-49AC-9F29-38CA24E16312}.Release|x86.ActiveCfg = Release|Any CPU
		{BB6E2FA2-1EA6-49AC-9F29-38CA24E16312}.Release|x86.Build.0 = Release|Any CPU
		{BB57067E-DA4A-40C3-92CF-9325AD2829F1}.Debug|Any CPU.ActiveCfg = Debug|Any CPU
		{BB57067E-DA4A-40C3-92CF-9325AD2829F1}.Debug|Any CPU.Build.0 = Debug|Any CPU
		{BB57067E-DA4A-40C3-92CF-9325AD2829F1}.Debug|x64.ActiveCfg = Debug|Any CPU
		{BB57067E-DA4A-40C3-92CF-9325AD2829F1}.Debug|x64.Build.0 = Debug|Any CPU
		{BB57067E-DA4A-40C3-92CF-9325AD2829F1}.Debug|x86.ActiveCfg = Debug|Any CPU
		{BB57067E-DA4A-40C3-92CF-9325AD2829F1}.Debug|x86.Build.0 = Debug|Any CPU
		{BB57067E-DA4A-40C3-92CF-9325AD2829F1}.Release|Any CPU.ActiveCfg = Release|Any CPU
		{BB57067E-DA4A-40C3-92CF-9325AD2829F1}.Release|Any CPU.Build.0 = Release|Any CPU
		{BB57067E-DA4A-40C3-92CF-9325AD2829F1}.Release|x64.ActiveCfg = Release|Any CPU
		{BB57067E-DA4A-40C3-92CF-9325AD2829F1}.Release|x64.Build.0 = Release|Any CPU
		{BB57067E-DA4A-40C3-92CF-9325AD2829F1}.Release|x86.ActiveCfg = Release|Any CPU
		{BB57067E-DA4A-40C3-92CF-9325AD2829F1}.Release|x86.Build.0 = Release|Any CPU
		{752A8121-B542-4A46-AA36-B3D436C01AEE}.Debug|Any CPU.ActiveCfg = Debug|Any CPU
		{752A8121-B542-4A46-AA36-B3D436C01AEE}.Debug|Any CPU.Build.0 = Debug|Any CPU
		{752A8121-B542-4A46-AA36-B3D436C01AEE}.Debug|x64.ActiveCfg = Debug|Any CPU
		{752A8121-B542-4A46-AA36-B3D436C01AEE}.Debug|x64.Build.0 = Debug|Any CPU
		{752A8121-B542-4A46-AA36-B3D436C01AEE}.Debug|x86.ActiveCfg = Debug|Any CPU
		{752A8121-B542-4A46-AA36-B3D436C01AEE}.Debug|x86.Build.0 = Debug|Any CPU
		{752A8121-B542-4A46-AA36-B3D436C01AEE}.Release|Any CPU.ActiveCfg = Release|Any CPU
		{752A8121-B542-4A46-AA36-B3D436C01AEE}.Release|Any CPU.Build.0 = Release|Any CPU
		{752A8121-B542-4A46-AA36-B3D436C01AEE}.Release|x64.ActiveCfg = Release|Any CPU
		{752A8121-B542-4A46-AA36-B3D436C01AEE}.Release|x64.Build.0 = Release|Any CPU
		{752A8121-B542-4A46-AA36-B3D436C01AEE}.Release|x86.ActiveCfg = Release|Any CPU
		{752A8121-B542-4A46-AA36-B3D436C01AEE}.Release|x86.Build.0 = Release|Any CPU
	EndGlobalSection
	GlobalSection(SolutionProperties) = preSolution
		HideSolutionNode = FALSE
	EndGlobalSection
	GlobalSection(NestedProjects) = preSolution
		{6226068A-AC31-4A9A-A432-20F916EF97D4} = {827E0CD3-B72D-47B6-A68D-7590B98EB39B}
		{1A7B945D-6931-4E96-AA90-995FBC24637A} = {827E0CD3-B72D-47B6-A68D-7590B98EB39B}
		{5BA37D23-B5C8-4A5A-8204-53BE4933D26C} = {827E0CD3-B72D-47B6-A68D-7590B98EB39B}
		{F1C6929C-BE2D-461D-A419-97E2BBA985B9} = {827E0CD3-B72D-47B6-A68D-7590B98EB39B}
		{811E6DA4-87FC-4E17-9519-0C69EB1E0FEF} = {827E0CD3-B72D-47B6-A68D-7590B98EB39B}
		{A1302F6D-2B48-4EFD-AA1F-38CE47B19691} = {0AB3BF05-4346-4AA6-1389-037BE0695223}
		{373010C2-7913-46AE-A930-8F9C82FD87A4} = {0AB3BF05-4346-4AA6-1389-037BE0695223}
		{18703EB3-B136-4B4A-BB9D-2DE6C21D38C0} = {0AB3BF05-4346-4AA6-1389-037BE0695223}
		{7C4B6EAF-782D-47EF-A194-FDAC171580A7} = {0AB3BF05-4346-4AA6-1389-037BE0695223}
		{D9B8381D-D98C-42E4-9132-3E40A1BB2024} = {F5401E2B-82BB-494F-903A-D088B4382F96}
		{41896BCE-C0F0-4C0C-BC4E-4C31EECB1197} = {F5401E2B-82BB-494F-903A-D088B4382F96}
		{12513482-78AF-4CA4-8243-653F5AF6CF26} = {CF4981CD-5659-FDE9-6D2A-2A0F8FD15295}
		{CF4981CD-5659-FDE9-6D2A-2A0F8FD15295} = {5D20AA90-6969-D8BD-9DCD-8634F4692FDA}
		{24D7219E-5669-4752-8429-5EA44E0B3F8A} = {CF4981CD-5659-FDE9-6D2A-2A0F8FD15295}
		{F8CB4548-0D21-4A78-AC05-CC354AD57FCF} = {CF4981CD-5659-FDE9-6D2A-2A0F8FD15295}
		{D5D810B1-7F7E-4E54-B396-B8702516E1DA} = {CF4981CD-5659-FDE9-6D2A-2A0F8FD15295}
		{D80931CE-DD09-4CD3-86E7-FEA7865E0759} = {CF4981CD-5659-FDE9-6D2A-2A0F8FD15295}
		{930EFF4C-87CF-4183-85DD-53CFE430FD41} = {CF4981CD-5659-FDE9-6D2A-2A0F8FD15295}
		{33F39F5B-64A1-478E-B684-624EDA9854E4} = {CF4981CD-5659-FDE9-6D2A-2A0F8FD15295}
		{8BA9AF0F-627D-402D-A12C-75FB9BD6C20A} = {CF4981CD-5659-FDE9-6D2A-2A0F8FD15295}
		{31827E3C-0823-42AB-A6DC-3A6299335EF0} = {CF4981CD-5659-FDE9-6D2A-2A0F8FD15295}
		{C4C7117E-B170-4206-B4D8-FA5D4B8F4097} = {CF4981CD-5659-FDE9-6D2A-2A0F8FD15295}
		{1DD6ED51-D9A7-4A45-8681-C898072752D7} = {CF4981CD-5659-FDE9-6D2A-2A0F8FD15295}
		{BB6E2FA2-1EA6-49AC-9F29-38CA24E16312} = {CF4981CD-5659-FDE9-6D2A-2A0F8FD15295}
		{BB57067E-DA4A-40C3-92CF-9325AD2829F1} = {0AB3BF05-4346-4AA6-1389-037BE0695223}
		{F5401E2B-82BB-494F-903A-D088B4382F96} = {5D20AA90-6969-D8BD-9DCD-8634F4692FDA}
		{752A8121-B542-4A46-AA36-B3D436C01AEE} = {827E0CD3-B72D-47B6-A68D-7590B98EB39B}
	EndGlobalSection
EndGlobal
