
Microsoft Visual Studio Solution File, Format Version 12.00
Project("{2150E333-8FDC-42A3-9474-1A3956D46DE8}") = "src", "src", "{827E0CD3-B72D-47B6-A68D-7590B98EB39B}"
EndProject
Project("{FAE04EC0-301F-11D3-BF4B-00C04F79EFBC}") = "SimplicityTools.Metrics", "src\SimplicityTools.Metrics\SimplicityTools.Metrics.csproj", "{6226068A-AC31-4A9A-A432-20F916EF97D4}"
EndProject
Project("{FAE04EC0-301F-11D3-BF4B-00C04F79EFBC}") = "SimplicityTools.Analyzers", "src\SimplicityTools.Analyzers\SimplicityTools.Analyzers.csproj", "{1A7B945D-6931-4E96-AA90-995FBC24637A}"
EndProject
Project("{FAE04EC0-301F-11D3-BF4B-00C04F79EFBC}") = "SimplicityTools.Filters", "src\SimplicityTools.Filters\SimplicityTools.Filters.csproj", "{5BA37D23-B5C8-4A5A-8204-53BE4933D26C}"
EndProject
Project("{FAE04EC0-301F-11D3-BF4B-00C04F79EFBC}") = "SimplicityTools.Tca", "src\SimplicityTools.Tca\SimplicityTools.Tca.csproj", "{F1C6929C-BE2D-461D-A419-97E2BBA985B9}"
EndProject
Project("{FAE04EC0-301F-11D3-BF4B-00C04F79EFBC}") = "SimplicityTools.Cli", "src\SimplicityTools.Cli\SimplicityTools.Cli.csproj", "{811E6DA4-87FC-4E17-9519-0C69EB1E0FEF}"
EndProject
Project("{2150E333-8FDC-42A3-9474-1A3956D46DE8}") = "tests", "tests", "{0AB3BF05-4346-4AA6-1389-037BE0695223}"
EndProject
Project("{FAE04EC0-301F-11D3-BF4B-00C04F79EFBC}") = "SimplicityTools.Metrics.Tests", "tests\SimplicityTools.Metrics.Tests\SimplicityTools.Metrics.Tests.csproj", "{A1302F6D-2B48-4EFD-AA1F-38CE47B19691}"
EndProject
Project("{FAE04EC0-301F-11D3-BF4B-00C04F79EFBC}") = "SimplicityTools.Analyzers.Tests", "tests\SimplicityTools.Analyzers.Tests\SimplicityTools.Analyzers.Tests.csproj", "{373010C2-7913-46AE-A930-8F9C82FD87A4}"
EndProject
Project("{FAE04EC0-301F-11D3-BF4B-00C04F79EFBC}") = "SimplicityTools.Filters.Tests", "tests\SimplicityTools.Filters.Tests\SimplicityTools.Filters.Tests.csproj", "{18703EB3-B136-4B4A-BB9D-2DE6C21D38C0}"
EndProject
Project("{FAE04EC0-301F-11D3-BF4B-00C04F79EFBC}") = "SimplicityTools.Tca.Tests", "tests\SimplicityTools.Tca.Tests\SimplicityTools.Tca.Tests.csproj", "{7C4B6EAF-782D-47EF-A194-FDAC171580A7}"
EndProject
Project("{2150E333-8FDC-42A3-9474-1A3956D46DE8}") = "samples", "samples", "{5D20AA90-6969-D8BD-9DCD-8634F4692FDA}"
EndProject
Project("{FAE04EC0-301F-11D3-BF4B-00C04F79EFBC}") = "Sample.OverEngineered", "samples\Sample.OverEngineered\Sample.OverEngineered.csproj", "{C0878669-4EBC-4C11-A601-EFC7F06D145A}"
EndProject
Project("{FAE04EC0-301F-11D3-BF4B-00C04F79EFBC}") = "Sample.Simplified", "samples\Sample.Simplified\Sample.Simplified.csproj", "{24D2233F-8A17-440C-A711-A302CC9D0A83}"
EndProject
Global
	GlobalSection(SolutionConfigurationPlatforms) = preSolution
		Debug|Any CPU = Debug|Any CPU
		Debug|x64 = Debug|x64
		Debug|x86 = Debug|x86
		Release|Any CPU = Release|Any CPU
		Release|x64 = Release|x64
		Release|x86 = Release|x86
	EndGlobalSection
	GlobalSection(ProjectConfigurationPlatforms) = postSolution
		{6226068A-AC31-4A9A-A432-20F916EF97D4}.Debug|Any CPU.ActiveCfg = Debug|Any CPU
		{6226068A-AC31-4A9A-A432-20F916EF97D4}.Debug|Any CPU.Build.0 = Debug|Any CPU
		{6226068A-AC31-4A9A-A432-20F916EF97D4}.Debug|x64.ActiveCfg = Debug|Any CPU
		{6226068A-AC31-4A9A-A432-20F916EF97D4}.Debug|x64.Build.0 = Debug|Any CPU
		{6226068A-AC31-4A9A-A432-20F916EF97D4}.Debug|x86.ActiveCfg = Debug|Any CPU
		{6226068A-AC31-4A9A-A432-20F916EF97D4}.Debug|x86.Build.0 = Debug|Any CPU
		{6226068A-AC31-4A9A-A432-20F916EF97D4}.Release|Any CPU.ActiveCfg = Release|Any CPU
		{6226068A-AC31-4A9A-A432-20F916EF97D4}.Release|Any CPU.Build.0 = Release|Any CPU
		{6226068A-AC31-4A9A-A432-20F916EF97D4}.Release|x64.ActiveCfg = Release|Any CPU
		{6226068A-AC31-4A9A-A432-20F916EF97D4}.Release|x64.Build.0 = Release|Any CPU
		{6226068A-AC31-4A9A-A432-20F916EF97D4}.Release|x86.ActiveCfg = Release|Any CPU
		{6226068A-AC31-4A9A-A432-20F916EF97D4}.Release|x86.Build.0 = Release|Any CPU
		{1A7B945D-6931-4E96-AA90-995FBC24637A}.Debug|Any CPU.ActiveCfg = Debug|Any CPU
		{1A7B945D-6931-4E96-AA90-995FBC24637A}.Debug|Any CPU.Build.0 = Debug|Any CPU
		{1A7B945D-6931-4E96-AA90-995FBC24637A}.Debug|x64.ActiveCfg = Debug|Any CPU
		{1A7B945D-6931-4E96-AA90-995FBC24637A}.Debug|x64.Build.0 = Debug|Any CPU
		{1A7B945D-6931-4E96-AA90-995FBC24637A}.Debug|x86.ActiveCfg = Debug|Any CPU
		{1A7B945D-6931-4E96-AA90-995FBC24637A}.Debug|x86.Build.0 = Debug|Any CPU
		{1A7B945D-6931-4E96-AA90-995FBC24637A}.Release|Any CPU.ActiveCfg = Release|Any CPU
		{1A7B945D-6931-4E96-AA90-995FBC24637A}.Release|Any CPU.Build.0 = Release|Any CPU
		{1A7B945D-6931-4E96-AA90-995FBC24637A}.Release|x64.ActiveCfg = Release|Any CPU
		{1A7B945D-6931-4E96-AA90-995FBC24637A}.Release|x64.Build.0 = Release|Any CPU
		{1A7B945D-6931-4E96-AA90-995FBC24637A}.Release|x86.ActiveCfg = Release|Any CPU
		{1A7B945D-6931-4E96-AA90-995FBC24637A}.Release|x86.Build.0 = Release|Any CPU
		{5BA37D23-B5C8-4A5A-8204-53BE4933D26C}.Debug|Any CPU.ActiveCfg = Debug|Any CPU
		{5BA37D23-B5C8-4A5A-8204-53BE4933D26C}.Debug|Any CPU.Build.0 = Debug|Any CPU
		{5BA37D23-B5C8-4A5A-8204-53BE4933D26C}.Debug|x64.ActiveCfg = Debug|Any CPU
		{5BA37D23-B5C8-4A5A-8204-53BE4933D26C}.Debug|x64.Build.0 = Debug|Any CPU
		{5BA37D23-B5C8-4A5A-8204-53BE4933D26C}.Debug|x86.ActiveCfg = Debug|Any CPU
		{5BA37D23-B5C8-4A5A-8204-53BE4933D26C}.Debug|x86.Build.0 = Debug|Any CPU
		{5BA37D23-B5C8-4A5A-8204-53BE4933D26C}.Release|Any CPU.ActiveCfg = Release|Any CPU
		{5BA37D23-B5C8-4A5A-8204-53BE4933D26C}.Release|Any CPU.Build.0 = Release|Any CPU
		{5BA37D23-B5C8-4A5A-8204-53BE4933D26C}.Release|x64.ActiveCfg = Release|Any CPU
		{5BA37D23-B5C8-4A5A-8204-53BE4933D26C}.Release|x64.Build.0 = Release|Any CPU
		{5BA37D23-B5C8-4A5A-8204-53BE4933D26C}.Release|x86.ActiveCfg = Release|Any CPU
		{5BA37D23-B5C8-4A5A-8204-53BE4933D26C}.Release|x86.Build.0 = Release|Any CPU
		{F1C6929C-BE2D-461D-A419-97E2BBA985B9}.Debug|Any CPU.ActiveCfg = Debug|Any CPU
		{F1C6929C-BE2D-461D-A419-97E2BBA985B9}.Debug|Any CPU.Build.0 = Debug|Any CPU
		{F1C6929C-BE2D-461D-A419-97E2BBA985B9}.Debug|x64.ActiveCfg = Debug|Any CPU
		{F1C6929C-BE2D-461D-A419-97E2BBA985B9}.Debug|x64.Build.0 = Debug|Any CPU
		{F1C6929C-BE2D-461D-A419-97E2BBA985B9}.Debug|x86.ActiveCfg = Debug|Any CPU
		{F1C6929C-BE2D-461D-A419-97E2BBA985B9}.Debug|x86.Build.0 = Debug|Any CPU
		{F1C6929C-BE2D-461D-A419-97E2BBA985B9}.Release|Any CPU.ActiveCfg = Release|Any CPU
		{F1C6929C-BE2D-461D-A419-97E2BBA985B9}.Release|Any CPU.Build.0 = Release|Any CPU
		{F1C6929C-BE2D-461D-A419-97E2BBA985B9}.Release|x64.ActiveCfg = Release|Any CPU
		{F1C6929C-BE2D-461D-A419-97E2BBA985B9}.Release|x64.Build.0 = Release|Any CPU
		{F1C6929C-BE2D-461D-A419-97E2BBA985B9}.Release|x86.ActiveCfg = Release|Any CPU
		{F1C6929C-BE2D-461D-A419-97E2BBA985B9}.Release|x86.Build.0 = Release|Any CPU
		{811E6DA4-87FC-4E17-9519-0C69EB1E0FEF}.Debug|Any CPU.ActiveCfg = Debug|Any CPU
		{811E6DA4-87FC-4E17-9519-0C69EB1E0FEF}.Debug|Any CPU.Build.0 = Debug|Any CPU
		{811E6DA4-87FC-4E17-9519-0C69EB1E0FEF}.Debug|x64.ActiveCfg = Debug|Any CPU
		{811E6DA4-87FC-4E17-9519-0C69EB1E0FEF}.Debug|x64.Build.0 = Debug|Any CPU
		{811E6DA4-87FC-4E17-9519-0C69EB1E0FEF}.Debug|x86.ActiveCfg = Debug|Any CPU
		{811E6DA4-87FC-4E17-9519-0C69EB1E0FEF}.Debug|x86.Build.0 = Debug|Any CPU
		{811E6DA4-87FC-4E17-9519-0C69EB1E0FEF}.Release|Any CPU.ActiveCfg = Release|Any CPU
		{811E6DA4-87FC-4E17-9519-0C69EB1E0FEF}.Release|Any CPU.Build.0 = Release|Any CPU
		{811E6DA4-87FC-4E17-9519-0C69EB1E0FEF}.Release|x64.ActiveCfg = Release|Any CPU
		{811E6DA4-87FC-4E17-9519-0C69EB1E0FEF}.Release|x64.Build.0 = Release|Any CPU
		{811E6DA4-87FC-4E17-9519-0C69EB1E0FEF}.Release|x86.ActiveCfg = Release|Any CPU
		{811E6DA4-87FC-4E17-9519-0C69EB1E0FEF}.Release|x86.Build.0 = Release|Any CPU
		{A1302F6D-2B48-4EFD-AA1F-38CE47B19691}.Debug|Any CPU.ActiveCfg = Debug|Any CPU
		{A1302F6D-2B48-4EFD-AA1F-38CE47B19691}.Debug|Any CPU.Build.0 = Debug|Any CPU
		{A1302F6D-2B48-4EFD-AA1F-38CE47B19691}.Debug|x64.ActiveCfg = Debug|Any CPU
		{A1302F6D-2B48-4EFD-AA1F-38CE47B19691}.Debug|x64.Build.0 = Debug|Any CPU
		{A1302F6D-2B48-4EFD-AA1F-38CE47B19691}.Debug|x86.ActiveCfg = Debug|Any CPU
		{A1302F6D-2B48-4EFD-AA1F-38CE47B19691}.Debug|x86.Build.0 = Debug|Any CPU
		{A1302F6D-2B48-4EFD-AA1F-38CE47B19691}.Release|Any CPU.ActiveCfg = Release|Any CPU
		{A1302F6D-2B48-4EFD-AA1F-38CE47B19691}.Release|Any CPU.Build.0 = Release|Any CPU
		{A1302F6D-2B48-4EFD-AA1F-38CE47B19691}.Release|x64.ActiveCfg = Release|Any CPU
		{A1302F6D-2B48-4EFD-AA1F-38CE47B19691}.Release|x64.Build.0 = Release|Any CPU
		{A1302F6D-2B48-4EFD-AA1F-38CE47B19691}.Release|x86.ActiveCfg = Release|Any CPU
		{A1302F6D-2B48-4EFD-AA1F-38CE47B19691}.Release|x86.Build.0 = Release|Any CPU
		{373010C2-7913-46AE-A930-8F9C82FD87A4}.Debug|Any CPU.ActiveCfg = Debug|Any CPU
		{373010C2-7913-46AE-A930-8F9C82FD87A4}.Debug|Any CPU.Build.0 = Debug|Any CPU
		{373010C2-7913-46AE-A930-8F9C82FD87A4}.Debug|x64.ActiveCfg = Debug|Any CPU
		{373010C2-7913-46AE-A930-8F9C82FD87A4}.Debug|x64.Build.0 = Debug|Any CPU
		{373010C2-7913-46AE-A930-8F9C82FD87A4}.Debug|x86.ActiveCfg = Debug|Any CPU
		{373010C2-7913-46AE-A930-8F9C82FD87A4}.Debug|x86.Build.0 = Debug|Any CPU
		{373010C2-7913-46AE-A930-8F9C82FD87A4}.Release|Any CPU.ActiveCfg = Release|Any CPU
		{373010C2-7913-46AE-A930-8F9C82FD87A4}.Release|Any CPU.Build.0 = Release|Any CPU
		{373010C2-7913-46AE-A930-8F9C82FD87A4}.Release|x64.ActiveCfg = Release|Any CPU
		{373010C2-7913-46AE-A930-8F9C82FD87A4}.Release|x64.Build.0 = Release|Any CPU
		{373010C2-7913-46AE-A930-8F9C82FD87A4}.Release|x86.ActiveCfg = Release|Any CPU
		{373010C2-7913-46AE-A930-8F9C82FD87A4}.Release|x86.Build.0 = Release|Any CPU
		{18703EB3-B136-4B4A-BB9D-2DE6C21D38C0}.Debug|Any CPU.ActiveCfg = Debug|Any CPU
		{18703EB3-B136-4B4A-BB9D-2DE6C21D38C0}.Debug|Any CPU.Build.0 = Debug|Any CPU
		{18703EB3-B136-4B4A-BB9D-2DE6C21D38C0}.Debug|x64.ActiveCfg = Debug|Any CPU
		{18703EB3-B136-4B4A-BB9D-2DE6C21D38C0}.Debug|x64.Build.0 = Debug|Any CPU
		{18703EB3-B136-4B4A-BB9D-2DE6C21D38C0}.Debug|x86.ActiveCfg = Debug|Any CPU
		{18703EB3-B136-4B4A-BB9D-2DE6C21D38C0}.Debug|x86.Build.0 = Debug|Any CPU
		{18703EB3-B136-4B4A-BB9D-2DE6C21D38C0}.Release|Any CPU.ActiveCfg = Release|Any CPU
		{18703EB3-B136-4B4A-BB9D-2DE6C21D38C0}.Release|Any CPU.Build.0 = Release|Any CPU
		{18703EB3-B136-4B4A-BB9D-2DE6C21D38C0}.Release|x64.ActiveCfg = Release|Any CPU
		{18703EB3-B136-4B4A-BB9D-2DE6C21D38C0}.Release|x64.Build.0 = Release|Any CPU
		{18703EB3-B136-4B4A-BB9D-2DE6C21D38C0}.Release|x86.ActiveCfg = Release|Any CPU
		{18703EB3-B136-4B4A-BB9D-2DE6C21D38C0}.Release|x86.Build.0 = Release|Any CPU
		{7C4B6EAF-782D-47EF-A194-FDAC171580A7}.Debug|Any CPU.ActiveCfg = Debug|Any CPU
		{7C4B6EAF-782D-47EF-A194-FDAC171580A7}.Debug|Any CPU.Build.0 = Debug|Any CPU
		{7C4B6EAF-782D-47EF-A194-FDAC171580A7}.Debug|x64.ActiveCfg = Debug|Any CPU
		{7C4B6EAF-782D-47EF-A194-FDAC171580A7}.Debug|x64.Build.0 = Debug|Any CPU
		{7C4B6EAF-782D-47EF-A194-FDAC171580A7}.Debug|x86.ActiveCfg = Debug|Any CPU
		{7C4B6EAF-782D-47EF-A194-FDAC171580A7}.Debug|x86.Build.0 = Debug|Any CPU
		{7C4B6EAF-782D-47EF-A194-FDAC171580A7}.Release|Any CPU.ActiveCfg = Release|Any CPU
		{7C4B6EAF-782D-47EF-A194-FDAC171580A7}.Release|Any CPU.Build.0 = Release|Any CPU
		{7C4B6EAF-782D-47EF-A194-FDAC171580A7}.Release|x64.ActiveCfg = Release|Any CPU
		{7C4B6EAF-782D-47EF-A194-FDAC171580A7}.Release|x64.Build.0 = Release|Any CPU
		{7C4B6EAF-782D-47EF-A194-FDAC171580A7}.Release|x86.ActiveCfg = Release|Any CPU
		{7C4B6EAF-782D-47EF-A194-FDAC171580A7}.Release|x86.Build.0 = Release|Any CPU
		{C0878669-4EBC-4C11-A601-EFC7F06D145A}.Debug|Any CPU.ActiveCfg = Debug|Any CPU
		{C0878669-4EBC-4C11-A601-EFC7F06D145A}.Debug|Any CPU.Build.0 = Debug|Any CPU
		{C0878669-4EBC-4C11-A601-EFC7F06D145A}.Debug|x64.ActiveCfg = Debug|Any CPU
		{C0878669-4EBC-4C11-A601-EFC7F06D145A}.Debug|x64.Build.0 = Debug|Any CPU
		{C0878669-4EBC-4C11-A601-EFC7F06D145A}.Debug|x86.ActiveCfg = Debug|Any CPU
		{C0878669-4EBC-4C11-A601-EFC7F06D145A}.Debug|x86.Build.0 = Debug|Any CPU
		{C0878669-4EBC-4C11-A601-EFC7F06D145A}.Release|Any CPU.ActiveCfg = Release|Any CPU
		{C0878669-4EBC-4C11-A601-EFC7F06D145A}.Release|Any CPU.Build.0 = Release|Any CPU
		{C0878669-4EBC-4C11-A601-EFC7F06D145A}.Release|x64.ActiveCfg = Release|Any CPU
		{C0878669-4EBC-4C11-A601-EFC7F06D145A}.Release|x64.Build.0 = Release|Any CPU
		{C0878669-4EBC-4C11-A601-EFC7F06D145A}.Release|x86.ActiveCfg = Release|Any CPU
		{C0878669-4EBC-4C11-A601-EFC7F06D145A}.Release|x86.Build.0 = Release|Any CPU
		{24D2233F-8A17-440C-A711-A302CC9D0A83}.Debug|Any CPU.ActiveCfg = Debug|Any CPU
		{24D2233F-8A17-440C-A711-A302CC9D0A83}.Debug|Any CPU.Build.0 = Debug|Any CPU
		{24D2233F-8A17-440C-A711-A302CC9D0A83}.Debug|x64.ActiveCfg = Debug|Any CPU
		{24D2233F-8A17-440C-A711-A302CC9D0A83}.Debug|x64.Build.0 = Debug|Any CPU
		{24D2233F-8A17-440C-A711-A302CC9D0A83}.Debug|x86.ActiveCfg = Debug|Any CPU
		{24D2233F-8A17-440C-A711-A302CC9D0A83}.Debug|x86.Build.0 = Debug|Any CPU
		{24D2233F-8A17-440C-A711-A302CC9D0A83}.Release|Any CPU.ActiveCfg = Release|Any CPU
		{24D2233F-8A17-440C-A711-A302CC9D0A83}.Release|Any CPU.Build.0 = Release|Any CPU
		{24D2233F-8A17-440C-A711-A302CC9D0A83}.Release|x64.ActiveCfg = Release|Any CPU
		{24D2233F-8A17-440C-A711-A302CC9D0A83}.Release|x64.Build.0 = Release|Any CPU
		{24D2233F-8A17-440C-A711-A302CC9D0A83}.Release|x86.ActiveCfg = Release|Any CPU
		{24D2233F-8A17-440C-A711-A302CC9D0A83}.Release|x86.Build.0 = Release|Any CPU
	EndGlobalSection
	GlobalSection(SolutionProperties) = preSolution
		HideSolutionNode = FALSE
	EndGlobalSection
	GlobalSection(NestedProjects) = preSolution
		{6226068A-AC31-4A9A-A432-20F916EF97D4} = {827E0CD3-B72D-47B6-A68D-7590B98EB39B}
		{1A7B945D-6931-4E96-AA90-995FBC24637A} = {827E0CD3-B72D-47B6-A68D-7590B98EB39B}
		{5BA37D23-B5C8-4A5A-8204-53BE4933D26C} = {827E0CD3-B72D-47B6-A68D-7590B98EB39B}
		{F1C6929C-BE2D-461D-A419-97E2BBA985B9} = {827E0CD3-B72D-47B6-A68D-7590B98EB39B}
		{811E6DA4-87FC-4E17-9519-0C69EB1E0FEF} = {827E0CD3-B72D-47B6-A68D-7590B98EB39B}
		{A1302F6D-2B48-4EFD-AA1F-38CE47B19691} = {0AB3BF05-4346-4AA6-1389-037BE0695223}
		{373010C2-7913-46AE-A930-8F9C82FD87A4} = {0AB3BF05-4346-4AA6-1389-037BE0695223}
		{18703EB3-B136-4B4A-BB9D-2DE6C21D38C0} = {0AB3BF05-4346-4AA6-1389-037BE0695223}
		{7C4B6EAF-782D-47EF-A194-FDAC171580A7} = {0AB3BF05-4346-4AA6-1389-037BE0695223}
		{C0878669-4EBC-4C11-A601-EFC7F06D145A} = {5D20AA90-6969-D8BD-9DCD-8634F4692FDA}
		{24D2233F-8A17-440C-A711-A302CC9D0A83} = {5D20AA90-6969-D8BD-9DCD-8634F4692FDA}
	EndGlobalSection
EndGlobal
